
Microsoft Visual Studio Solution File, Format Version 12.00
# Visual Studio 14
VisualStudioVersion = 14.0.25123.0
MinimumVisualStudioVersion = 10.0.40219.1
Project("{FAE04EC0-301F-11D3-BF4B-00C04F79EFBC}") = "AIeSCT.Api", "AIeSCT.Api\AIeSCT.Api.csproj", "{75082CE6-FF15-4444-BE13-89295F148B26}"
EndProject
Project("{FAE04EC0-301F-11D3-BF4B-00C04F79EFBC}") = "AIeSCT.Api.Data", "AIeSCT.Api.Data\AIeSCT.Api.Data.csproj", "{596CDC9D-1A6A-4775-9519-9A870DD76D19}"
EndProject
Global
	GlobalSection(SolutionConfigurationPlatforms) = preSolution
		Debug|Any CPU = Debug|Any CPU
		Release|Any CPU = Release|Any CPU
	EndGlobalSection
	GlobalSection(ProjectConfigurationPlatforms) = postSolution
		{75082CE6-FF15-4444-BE13-89295F148B26}.Debug|Any CPU.ActiveCfg = Debug|Any CPU
		{75082CE6-FF15-4444-BE13-89295F148B26}.Debug|Any CPU.Build.0 = Debug|Any CPU
		{75082CE6-FF15-4444-BE13-89295F148B26}.Release|Any CPU.ActiveCfg = Release|Any CPU
		{75082CE6-FF15-4444-BE13-89295F148B26}.Release|Any CPU.Build.0 = Release|Any CPU
		{596CDC9D-1A6A-4775-9519-9A870DD76D19}.Debug|Any CPU.ActiveCfg = Debug|Any CPU
		{596CDC9D-1A6A-4775-9519-9A870DD76D19}.Debug|Any CPU.Build.0 = Debug|Any CPU
		{596CDC9D-1A6A-4775-9519-9A870DD76D19}.Release|Any CPU.ActiveCfg = Release|Any CPU
		{596CDC9D-1A6A-4775-9519-9A870DD76D19}.Release|Any CPU.Build.0 = Release|Any CPU
	EndGlobalSection
	GlobalSection(SolutionProperties) = preSolution
		HideSolutionNode = FALSE
	EndGlobalSection
EndGlobal
