
Microsoft Visual Studio Solution File, Format Version 12.00
# Visual Studio 14
VisualStudioVersion = 14.0.25420.1
MinimumVisualStudioVersion = 10.0.40219.1
Project("{FAE04EC0-301F-11D3-BF4B-00C04F79EFBC}") = "AIeSCT.Web", "AIeSCT.Web\AIeSCT.Web.csproj", "{CC5B8E65-A825-4E5B-8839-5898888AAC24}"
EndProject
Project("{FAE04EC0-301F-11D3-BF4B-00C04F79EFBC}") = "AIeSCT.Core", "AIeSCT.Core\AIeSCT.Core.csproj", "{2E523553-9577-4154-9991-BC77838C2804}"
EndProject
Project("{FAE04EC0-301F-11D3-BF4B-00C04F79EFBC}") = "AIeSCT.Data", "AIeSCT.Data\AIeSCT.Data.csproj", "{5BB5F85B-BD4B-4A9B-B4D6-1BFCF97600DF}"
EndProject
Global
	GlobalSection(SolutionConfigurationPlatforms) = preSolution
		Debug|Any CPU = Debug|Any CPU
		Release|Any CPU = Release|Any CPU
	EndGlobalSection
	GlobalSection(ProjectConfigurationPlatforms) = postSolution
		{CC5B8E65-A825-4E5B-8839-5898888AAC24}.Debug|Any CPU.ActiveCfg = Debug|Any CPU
		{CC5B8E65-A825-4E5B-8839-5898888AAC24}.Debug|Any CPU.Build.0 = Debug|Any CPU
		{CC5B8E65-A825-4E5B-8839-5898888AAC24}.Release|Any CPU.ActiveCfg = Release|Any CPU
		{CC5B8E65-A825-4E5B-8839-5898888AAC24}.Release|Any CPU.Build.0 = Release|Any CPU
		{2E523553-9577-4154-9991-BC77838C2804}.Debug|Any CPU.ActiveCfg = Debug|Any CPU
		{2E523553-9577-4154-9991-BC77838C2804}.Debug|Any CPU.Build.0 = Debug|Any CPU
		{2E523553-9577-4154-9991-BC77838C2804}.Release|Any CPU.ActiveCfg = Release|Any CPU
		{2E523553-9577-4154-9991-BC77838C2804}.Release|Any CPU.Build.0 = Release|Any CPU
		{5BB5F85B-BD4B-4A9B-B4D6-1BFCF97600DF}.Debug|Any CPU.ActiveCfg = Debug|Any CPU
		{5BB5F85B-BD4B-4A9B-B4D6-1BFCF97600DF}.Debug|Any CPU.Build.0 = Debug|Any CPU
		{5BB5F85B-BD4B-4A9B-B4D6-1BFCF97600DF}.Release|Any CPU.ActiveCfg = Release|Any CPU
		{5BB5F85B-BD4B-4A9B-B4D6-1BFCF97600DF}.Release|Any CPU.Build.0 = Release|Any CPU
	EndGlobalSection
	GlobalSection(SolutionProperties) = preSolution
		HideSolutionNode = FALSE
	EndGlobalSection
EndGlobal
